
Microsoft Visual Studio Solution File, Format Version 12.00
# Visual Studio Version 17
VisualStudioVersion = 17.5.002.0
MinimumVisualStudioVersion = 10.0.40219.1
Project("{9A19103F-16F7-4668-BE54-9A1E7A4F7556}") = "Exam", "Exam.csproj", "{353BB1F7-59BB-4906-8133-5CDA7A972A8B}"
EndProject
Global
	GlobalSection(SolutionConfigurationPlatforms) = preSolution
		Debug|Any CPU = Debug|Any CPU
		Release|Any CPU = Release|Any CPU
	EndGlobalSection
	GlobalSection(ProjectConfigurationPlatforms) = postSolution
		{353BB1F7-59BB-4906-8133-5CDA7A972A8B}.Debug|Any CPU.ActiveCfg = Debug|Any CPU
		{353BB1F7-59BB-4906-8133-5CDA7A972A8B}.Debug|Any CPU.Build.0 = Debug|Any CPU
		{353BB1F7-59BB-4906-8133-5CDA7A972A8B}.Release|Any CPU.ActiveCfg = Release|Any CPU
		{353BB1F7-59BB-4906-8133-5CDA7A972A8B}.Release|Any CPU.Build.0 = Release|Any CPU
	EndGlobalSection
	GlobalSection(SolutionProperties) = preSolution
		HideSolutionNode = FALSE
	EndGlobalSection
	GlobalSection(ExtensibilityGlobals) = postSolution
		SolutionGuid = {06807171-83C8-4903-AD50-72F5AF035698}
	EndGlobalSection
EndGlobal
